
Microsoft Visual Studio Solution File, Format Version 12.00
# Visual Studio Version 16
VisualStudioVersion = 16.0.31829.152
MinimumVisualStudioVersion = 10.0.40219.1
Project("{FAE04EC0-301F-11D3-BF4B-00C04F79EFBC}") = "FFVII-Text-Tool", "FFVII-Text-Tool\FFVII-Text-Tool.csproj", "{CE7F0D56-07F6-4B2E-8294-C4D30AA06AE8}"
EndProject
Global
	GlobalSection(SolutionConfigurationPlatforms) = preSolution
		Debug|Any CPU = Debug|Any CPU
		Release|Any CPU = Release|Any CPU
	EndGlobalSection
	GlobalSection(ProjectConfigurationPlatforms) = postSolution
		{CE7F0D56-07F6-4B2E-8294-C4D30AA06AE8}.Debug|Any CPU.ActiveCfg = Debug|Any CPU
		{CE7F0D56-07F6-4B2E-8294-C4D30AA06AE8}.Debug|Any CPU.Build.0 = Debug|Any CPU
		{CE7F0D56-07F6-4B2E-8294-C4D30AA06AE8}.Release|Any CPU.ActiveCfg = Release|Any CPU
		{CE7F0D56-07F6-4B2E-8294-C4D30AA06AE8}.Release|Any CPU.Build.0 = Release|Any CPU
	EndGlobalSection
	GlobalSection(SolutionProperties) = preSolution
		HideSolutionNode = FALSE
	EndGlobalSection
	GlobalSection(ExtensibilityGlobals) = postSolution
		SolutionGuid = {1F0D3A03-CBF7-4EA8-A853-7ACF8EBACCC1}
	EndGlobalSection
EndGlobal
